
Microsoft Visual Studio Solution File, Format Version 12.00
# Visual Studio Version 17
VisualStudioVersion = 17.8.34511.84
MinimumVisualStudioVersion = 10.0.40219.1
Project("{2150E333-8FDC-42A3-9474-1A3956D46DE8}") = "src", "src", "{A67D4D6C-7064-4FC2-8860-278B6D84ABCE}"
EndProject
Project("{2150E333-8FDC-42A3-9474-1A3956D46DE8}") = "test", "test", "{7930CB9D-7496-4B04-A91E-1BF21F5796E0}"
EndProject
Project("{2150E333-8FDC-42A3-9474-1A3956D46DE8}") = "UI", "UI", "{DA1402F9-9B1C-41CC-9603-983462AA8DE3}"
EndProject
Project("{2150E333-8FDC-42A3-9474-1A3956D46DE8}") = "Core", "Core", "{788FF03D-1C69-430B-A69E-86C4BE0D6315}"
EndProject
Project("{2150E333-8FDC-42A3-9474-1A3956D46DE8}") = "Infrastructure", "Infrastructure", "{94EB1F18-F8F0-41E6-86EF-124C1B563440}"
EndProject
Project("{2150E333-8FDC-42A3-9474-1A3956D46DE8}") = "API", "API", "{081858E4-C135-4F28-827F-590ED3B38EBB}"
EndProject
Project("{9A19103F-16F7-4668-BE54-9A1E7A4F7556}") = "HR.LeaveManagement.Domain", "HR.LeaveManagement.Domain\HR.LeaveManagement.Domain.csproj", "{724FAB9F-4A53-42B5-8405-2A737019F429}"
EndProject
Project("{FAE04EC0-301F-11D3-BF4B-00C04F79EFBC}") = "HR.LeaveManagement.Application", "HR.LeaveManagement.Application\HR.LeaveManagement.Application.csproj", "{5C50D1C8-A686-44CA-A90C-87754265E297}"
EndProject
Project("{FAE04EC0-301F-11D3-BF4B-00C04F79EFBC}") = "HR.LeaveManagement.Persistence", "HR.LeaveManagement.Persistence\HR.LeaveManagement.Persistence.csproj", "{111BCBD3-C238-4FA4-9588-81176E6CA8F0}"
EndProject
Project("{FAE04EC0-301F-11D3-BF4B-00C04F79EFBC}") = "HR.LeaveManagement.Infrastructure", "HR.LeaveManagement.Infrastructure\HR.LeaveManagement.Infrastructure.csproj", "{C9BF784B-C7A4-433E-BEA8-BA54AD1EA701}"
EndProject
Global
	GlobalSection(SolutionConfigurationPlatforms) = preSolution
		Debug|Any CPU = Debug|Any CPU
		Release|Any CPU = Release|Any CPU
	EndGlobalSection
	GlobalSection(ProjectConfigurationPlatforms) = postSolution
		{724FAB9F-4A53-42B5-8405-2A737019F429}.Debug|Any CPU.ActiveCfg = Debug|Any CPU
		{724FAB9F-4A53-42B5-8405-2A737019F429}.Debug|Any CPU.Build.0 = Debug|Any CPU
		{724FAB9F-4A53-42B5-8405-2A737019F429}.Release|Any CPU.ActiveCfg = Release|Any CPU
		{724FAB9F-4A53-42B5-8405-2A737019F429}.Release|Any CPU.Build.0 = Release|Any CPU
		{5C50D1C8-A686-44CA-A90C-87754265E297}.Debug|Any CPU.ActiveCfg = Debug|Any CPU
		{5C50D1C8-A686-44CA-A90C-87754265E297}.Debug|Any CPU.Build.0 = Debug|Any CPU
		{5C50D1C8-A686-44CA-A90C-87754265E297}.Release|Any CPU.ActiveCfg = Release|Any CPU
		{5C50D1C8-A686-44CA-A90C-87754265E297}.Release|Any CPU.Build.0 = Release|Any CPU
		{111BCBD3-C238-4FA4-9588-81176E6CA8F0}.Debug|Any CPU.ActiveCfg = Debug|Any CPU
		{111BCBD3-C238-4FA4-9588-81176E6CA8F0}.Debug|Any CPU.Build.0 = Debug|Any CPU
		{111BCBD3-C238-4FA4-9588-81176E6CA8F0}.Release|Any CPU.ActiveCfg = Release|Any CPU
		{111BCBD3-C238-4FA4-9588-81176E6CA8F0}.Release|Any CPU.Build.0 = Release|Any CPU
		{C9BF784B-C7A4-433E-BEA8-BA54AD1EA701}.Debug|Any CPU.ActiveCfg = Debug|Any CPU
		{C9BF784B-C7A4-433E-BEA8-BA54AD1EA701}.Debug|Any CPU.Build.0 = Debug|Any CPU
		{C9BF784B-C7A4-433E-BEA8-BA54AD1EA701}.Release|Any CPU.ActiveCfg = Release|Any CPU
		{C9BF784B-C7A4-433E-BEA8-BA54AD1EA701}.Release|Any CPU.Build.0 = Release|Any CPU
	EndGlobalSection
	GlobalSection(SolutionProperties) = preSolution
		HideSolutionNode = FALSE
	EndGlobalSection
	GlobalSection(NestedProjects) = preSolution
		{DA1402F9-9B1C-41CC-9603-983462AA8DE3} = {A67D4D6C-7064-4FC2-8860-278B6D84ABCE}
		{788FF03D-1C69-430B-A69E-86C4BE0D6315} = {A67D4D6C-7064-4FC2-8860-278B6D84ABCE}
		{94EB1F18-F8F0-41E6-86EF-124C1B563440} = {A67D4D6C-7064-4FC2-8860-278B6D84ABCE}
		{081858E4-C135-4F28-827F-590ED3B38EBB} = {A67D4D6C-7064-4FC2-8860-278B6D84ABCE}
		{724FAB9F-4A53-42B5-8405-2A737019F429} = {788FF03D-1C69-430B-A69E-86C4BE0D6315}
		{5C50D1C8-A686-44CA-A90C-87754265E297} = {788FF03D-1C69-430B-A69E-86C4BE0D6315}
		{111BCBD3-C238-4FA4-9588-81176E6CA8F0} = {94EB1F18-F8F0-41E6-86EF-124C1B563440}
		{C9BF784B-C7A4-433E-BEA8-BA54AD1EA701} = {94EB1F18-F8F0-41E6-86EF-124C1B563440}
	EndGlobalSection
	GlobalSection(ExtensibilityGlobals) = postSolution
		SolutionGuid = {000E7EA7-DDF6-457D-8DAC-1718396A0D87}
	EndGlobalSection
EndGlobal
